
Microsoft Visual Studio Solution File, Format Version 12.00
# Visual Studio Version 17
VisualStudioVersion = 17.2.32516.85
MinimumVisualStudioVersion = 10.0.40219.1
Project("{9A19103F-16F7-4668-BE54-9A1E7A4F7556}") = "FileTaskApi", "FileTaskApi.csproj", "{F8E730FF-9231-40BC-9BC3-A2A9E7E5381D}"
EndProject
Global
	GlobalSection(SolutionConfigurationPlatforms) = preSolution
		Debug|Any CPU = Debug|Any CPU
		Release|Any CPU = Release|Any CPU
	EndGlobalSection
	GlobalSection(ProjectConfigurationPlatforms) = postSolution
		{F8E730FF-9231-40BC-9BC3-A2A9E7E5381D}.Debug|Any CPU.ActiveCfg = Debug|Any CPU
		{F8E730FF-9231-40BC-9BC3-A2A9E7E5381D}.Debug|Any CPU.Build.0 = Debug|Any CPU
		{F8E730FF-9231-40BC-9BC3-A2A9E7E5381D}.Release|Any CPU.ActiveCfg = Release|Any CPU
		{F8E730FF-9231-40BC-9BC3-A2A9E7E5381D}.Release|Any CPU.Build.0 = Release|Any CPU
	EndGlobalSection
	GlobalSection(SolutionProperties) = preSolution
		HideSolutionNode = FALSE
	EndGlobalSection
	GlobalSection(ExtensibilityGlobals) = postSolution
		SolutionGuid = {98DF1E99-F003-4AB7-91FA-CD206023159C}
	EndGlobalSection
EndGlobal
